
Microsoft Visual Studio Solution File, Format Version 12.00
# Visual Studio Version 17
VisualStudioVersion = 17.3.32929.385
MinimumVisualStudioVersion = 10.0.40219.1
Project("{2150E333-8FDC-42A3-9474-1A3956D46DE8}") = "Microservices", "Microservices", "{2673D96B-AF9C-4E48-BAC8-16640FDEEF19}"
EndProject
Project("{FAE04EC0-301F-11D3-BF4B-00C04F79EFBC}") = "Authorization.core", "Authorization.core\Authorization.core.csproj", "{76506F6E-592D-45D2-8998-B3905B44BE0B}"
EndProject
Global
	GlobalSection(SolutionConfigurationPlatforms) = preSolution
		Debug|Any CPU = Debug|Any CPU
		Release|Any CPU = Release|Any CPU
	EndGlobalSection
	GlobalSection(ProjectConfigurationPlatforms) = postSolution
		{76506F6E-592D-45D2-8998-B3905B44BE0B}.Debug|Any CPU.ActiveCfg = Debug|Any CPU
		{76506F6E-592D-45D2-8998-B3905B44BE0B}.Debug|Any CPU.Build.0 = Debug|Any CPU
		{76506F6E-592D-45D2-8998-B3905B44BE0B}.Release|Any CPU.ActiveCfg = Release|Any CPU
		{76506F6E-592D-45D2-8998-B3905B44BE0B}.Release|Any CPU.Build.0 = Release|Any CPU
	EndGlobalSection
	GlobalSection(SolutionProperties) = preSolution
		HideSolutionNode = FALSE
	EndGlobalSection
	GlobalSection(NestedProjects) = preSolution
		{76506F6E-592D-45D2-8998-B3905B44BE0B} = {2673D96B-AF9C-4E48-BAC8-16640FDEEF19}
	EndGlobalSection
	GlobalSection(ExtensibilityGlobals) = postSolution
		SolutionGuid = {0A43E944-E568-4212-8682-E24AEEAA3F18}
	EndGlobalSection
EndGlobal
